
Microsoft Visual Studio Solution File, Format Version 12.00
# Visual Studio 15
VisualStudioVersion = 15.0.28307.329
MinimumVisualStudioVersion = 10.0.40219.1
Project("{9A19103F-16F7-4668-BE54-9A1E7A4F7556}") = "EnvTest", "EnvTest.csproj", "{CDC0C4C5-1BF3-4736-B597-F36DCE2939F2}"
EndProject
Global
	GlobalSection(SolutionConfigurationPlatforms) = preSolution
		Debug|Any CPU = Debug|Any CPU
		Release|Any CPU = Release|Any CPU
	EndGlobalSection
	GlobalSection(ProjectConfigurationPlatforms) = postSolution
		{CDC0C4C5-1BF3-4736-B597-F36DCE2939F2}.Debug|Any CPU.ActiveCfg = Debug|Any CPU
		{CDC0C4C5-1BF3-4736-B597-F36DCE2939F2}.Debug|Any CPU.Build.0 = Debug|Any CPU
		{CDC0C4C5-1BF3-4736-B597-F36DCE2939F2}.Release|Any CPU.ActiveCfg = Release|Any CPU
		{CDC0C4C5-1BF3-4736-B597-F36DCE2939F2}.Release|Any CPU.Build.0 = Release|Any CPU
	EndGlobalSection
	GlobalSection(SolutionProperties) = preSolution
		HideSolutionNode = FALSE
	EndGlobalSection
	GlobalSection(ExtensibilityGlobals) = postSolution
		SolutionGuid = {C575AB8F-DBD2-4713-9FDE-82A61D825ABA}
	EndGlobalSection
EndGlobal
